
Microsoft Visual Studio Solution File, Format Version 12.00
# Visual Studio Version 17
VisualStudioVersion = 17.2.32526.322
MinimumVisualStudioVersion = 10.0.40219.1
Project("{2150E333-8FDC-42A3-9474-1A3956D46DE8}") = "Services", "Services", "{18A4E223-9A73-46A9-8EAE-7ADFEF0E44BE}"
EndProject
Project("{2150E333-8FDC-42A3-9474-1A3956D46DE8}") = "Catalog", "Catalog", "{2877F03F-46D7-4314-ADAA-C5805ECA28A8}"
EndProject
Project("{9A19103F-16F7-4668-BE54-9A1E7A4F7556}") = "Catalog.API", "Services\Catalog\Catalog.API\Catalog.API.csproj", "{1AD7EEA7-7B2B-4688-97AE-1F72E5704866}"
EndProject
Project("{E53339B2-1760-4266-BCC7-CA923CBCF16C}") = "docker-compose", "docker-compose.dcproj", "{BC383695-E9CD-4761-8348-08807761ED1C}"
EndProject
Project("{2150E333-8FDC-42A3-9474-1A3956D46DE8}") = "Basket", "Basket", "{856F93EC-F641-4360-B5DD-34EA2C0FECB3}"
EndProject
Project("{9A19103F-16F7-4668-BE54-9A1E7A4F7556}") = "Basket.API", "Services\Basket\Basket.API\Basket.API.csproj", "{1728CF46-A0A5-4404-A021-7FCC8BA56F0B}"
EndProject
Project("{2150E333-8FDC-42A3-9474-1A3956D46DE8}") = "Discount", "Discount", "{D6D79E6F-371D-4456-BA92-9AD99AB6CBAA}"
EndProject
Project("{9A19103F-16F7-4668-BE54-9A1E7A4F7556}") = "Discount.API", "Services\Discount\Discount.API\Discount.API.csproj", "{3759B390-4015-4E35-B586-37FBF46DC879}"
EndProject
Project("{9A19103F-16F7-4668-BE54-9A1E7A4F7556}") = "Discount.Grpc", "Services\Discount\Discount.Grpc\Discount.Grpc.csproj", "{03F78B23-D78D-4D97-9C63-DBFDAD387925}"
EndProject
Project("{2150E333-8FDC-42A3-9474-1A3956D46DE8}") = "Ordering", "Ordering", "{4ADC03CC-26F7-4D2D-926D-1CE7B8005F43}"
EndProject
Project("{9A19103F-16F7-4668-BE54-9A1E7A4F7556}") = "Ordering.API", "Services\Ordering\Ordering.API\Ordering.API.csproj", "{82D15CDF-E1A2-44A8-9862-ECEB0FF43213}"
EndProject
Project("{9A19103F-16F7-4668-BE54-9A1E7A4F7556}") = "Ordering.Domain", "Services\Ordering\Ordering.Domain\Ordering.Domain.csproj", "{DD08D0F1-9BE3-40DB-8E9E-018B9997CB3D}"
EndProject
Project("{9A19103F-16F7-4668-BE54-9A1E7A4F7556}") = "Ordering.Application", "Services\Ordering\Ordering.Application\Ordering.Application.csproj", "{C677D181-2CAC-4A84-A841-04E1C12ACE3D}"
EndProject
Project("{9A19103F-16F7-4668-BE54-9A1E7A4F7556}") = "Ordering.Infrastructure", "Services\Ordering\Ordering.Infrastructure\Ordering.Infrastructure.csproj", "{AC32FC6F-6DC2-46D6-A636-667F1E75EFDF}"
EndProject
Project("{2150E333-8FDC-42A3-9474-1A3956D46DE8}") = "BuildingBlocks", "BuildingBlocks", "{31A71A1C-C631-4F15-93A1-5A01629813FF}"
EndProject
Project("{FAE04EC0-301F-11D3-BF4B-00C04F79EFBC}") = "EventBus.Messages", "BuildingBlocks\EventBus.Messages\EventBus.Messages.csproj", "{04E024E5-16D9-402F-9468-83EE15262959}"
EndProject
Global
	GlobalSection(SolutionConfigurationPlatforms) = preSolution
		Debug|Any CPU = Debug|Any CPU
		Release|Any CPU = Release|Any CPU
	EndGlobalSection
	GlobalSection(ProjectConfigurationPlatforms) = postSolution
		{1AD7EEA7-7B2B-4688-97AE-1F72E5704866}.Debug|Any CPU.ActiveCfg = Debug|Any CPU
		{1AD7EEA7-7B2B-4688-97AE-1F72E5704866}.Debug|Any CPU.Build.0 = Debug|Any CPU
		{1AD7EEA7-7B2B-4688-97AE-1F72E5704866}.Release|Any CPU.ActiveCfg = Release|Any CPU
		{1AD7EEA7-7B2B-4688-97AE-1F72E5704866}.Release|Any CPU.Build.0 = Release|Any CPU
		{BC383695-E9CD-4761-8348-08807761ED1C}.Debug|Any CPU.ActiveCfg = Debug|Any CPU
		{BC383695-E9CD-4761-8348-08807761ED1C}.Debug|Any CPU.Build.0 = Debug|Any CPU
		{BC383695-E9CD-4761-8348-08807761ED1C}.Release|Any CPU.ActiveCfg = Release|Any CPU
		{BC383695-E9CD-4761-8348-08807761ED1C}.Release|Any CPU.Build.0 = Release|Any CPU
		{1728CF46-A0A5-4404-A021-7FCC8BA56F0B}.Debug|Any CPU.ActiveCfg = Debug|Any CPU
		{1728CF46-A0A5-4404-A021-7FCC8BA56F0B}.Debug|Any CPU.Build.0 = Debug|Any CPU
		{1728CF46-A0A5-4404-A021-7FCC8BA56F0B}.Release|Any CPU.ActiveCfg = Release|Any CPU
		{1728CF46-A0A5-4404-A021-7FCC8BA56F0B}.Release|Any CPU.Build.0 = Release|Any CPU
		{3759B390-4015-4E35-B586-37FBF46DC879}.Debug|Any CPU.ActiveCfg = Debug|Any CPU
		{3759B390-4015-4E35-B586-37FBF46DC879}.Debug|Any CPU.Build.0 = Debug|Any CPU
		{3759B390-4015-4E35-B586-37FBF46DC879}.Release|Any CPU.ActiveCfg = Release|Any CPU
		{3759B390-4015-4E35-B586-37FBF46DC879}.Release|Any CPU.Build.0 = Release|Any CPU
		{03F78B23-D78D-4D97-9C63-DBFDAD387925}.Debug|Any CPU.ActiveCfg = Debug|Any CPU
		{03F78B23-D78D-4D97-9C63-DBFDAD387925}.Debug|Any CPU.Build.0 = Debug|Any CPU
		{03F78B23-D78D-4D97-9C63-DBFDAD387925}.Release|Any CPU.ActiveCfg = Release|Any CPU
		{03F78B23-D78D-4D97-9C63-DBFDAD387925}.Release|Any CPU.Build.0 = Release|Any CPU
		{82D15CDF-E1A2-44A8-9862-ECEB0FF43213}.Debug|Any CPU.ActiveCfg = Debug|Any CPU
		{82D15CDF-E1A2-44A8-9862-ECEB0FF43213}.Debug|Any CPU.Build.0 = Debug|Any CPU
		{82D15CDF-E1A2-44A8-9862-ECEB0FF43213}.Release|Any CPU.ActiveCfg = Release|Any CPU
		{82D15CDF-E1A2-44A8-9862-ECEB0FF43213}.Release|Any CPU.Build.0 = Release|Any CPU
		{DD08D0F1-9BE3-40DB-8E9E-018B9997CB3D}.Debug|Any CPU.ActiveCfg = Debug|Any CPU
		{DD08D0F1-9BE3-40DB-8E9E-018B9997CB3D}.Debug|Any CPU.Build.0 = Debug|Any CPU
		{DD08D0F1-9BE3-40DB-8E9E-018B9997CB3D}.Release|Any CPU.ActiveCfg = Release|Any CPU
		{DD08D0F1-9BE3-40DB-8E9E-018B9997CB3D}.Release|Any CPU.Build.0 = Release|Any CPU
		{C677D181-2CAC-4A84-A841-04E1C12ACE3D}.Debug|Any CPU.ActiveCfg = Debug|Any CPU
		{C677D181-2CAC-4A84-A841-04E1C12ACE3D}.Debug|Any CPU.Build.0 = Debug|Any CPU
		{C677D181-2CAC-4A84-A841-04E1C12ACE3D}.Release|Any CPU.ActiveCfg = Release|Any CPU
		{C677D181-2CAC-4A84-A841-04E1C12ACE3D}.Release|Any CPU.Build.0 = Release|Any CPU
		{AC32FC6F-6DC2-46D6-A636-667F1E75EFDF}.Debug|Any CPU.ActiveCfg = Debug|Any CPU
		{AC32FC6F-6DC2-46D6-A636-667F1E75EFDF}.Debug|Any CPU.Build.0 = Debug|Any CPU
		{AC32FC6F-6DC2-46D6-A636-667F1E75EFDF}.Release|Any CPU.ActiveCfg = Release|Any CPU
		{AC32FC6F-6DC2-46D6-A636-667F1E75EFDF}.Release|Any CPU.Build.0 = Release|Any CPU
		{04E024E5-16D9-402F-9468-83EE15262959}.Debug|Any CPU.ActiveCfg = Debug|Any CPU
		{04E024E5-16D9-402F-9468-83EE15262959}.Debug|Any CPU.Build.0 = Debug|Any CPU
		{04E024E5-16D9-402F-9468-83EE15262959}.Release|Any CPU.ActiveCfg = Release|Any CPU
		{04E024E5-16D9-402F-9468-83EE15262959}.Release|Any CPU.Build.0 = Release|Any CPU
	EndGlobalSection
	GlobalSection(SolutionProperties) = preSolution
		HideSolutionNode = FALSE
	EndGlobalSection
	GlobalSection(NestedProjects) = preSolution
		{2877F03F-46D7-4314-ADAA-C5805ECA28A8} = {18A4E223-9A73-46A9-8EAE-7ADFEF0E44BE}
		{1AD7EEA7-7B2B-4688-97AE-1F72E5704866} = {2877F03F-46D7-4314-ADAA-C5805ECA28A8}
		{856F93EC-F641-4360-B5DD-34EA2C0FECB3} = {18A4E223-9A73-46A9-8EAE-7ADFEF0E44BE}
		{1728CF46-A0A5-4404-A021-7FCC8BA56F0B} = {856F93EC-F641-4360-B5DD-34EA2C0FECB3}
		{D6D79E6F-371D-4456-BA92-9AD99AB6CBAA} = {18A4E223-9A73-46A9-8EAE-7ADFEF0E44BE}
		{3759B390-4015-4E35-B586-37FBF46DC879} = {D6D79E6F-371D-4456-BA92-9AD99AB6CBAA}
		{03F78B23-D78D-4D97-9C63-DBFDAD387925} = {D6D79E6F-371D-4456-BA92-9AD99AB6CBAA}
		{4ADC03CC-26F7-4D2D-926D-1CE7B8005F43} = {18A4E223-9A73-46A9-8EAE-7ADFEF0E44BE}
		{82D15CDF-E1A2-44A8-9862-ECEB0FF43213} = {4ADC03CC-26F7-4D2D-926D-1CE7B8005F43}
		{DD08D0F1-9BE3-40DB-8E9E-018B9997CB3D} = {4ADC03CC-26F7-4D2D-926D-1CE7B8005F43}
		{C677D181-2CAC-4A84-A841-04E1C12ACE3D} = {4ADC03CC-26F7-4D2D-926D-1CE7B8005F43}
		{AC32FC6F-6DC2-46D6-A636-667F1E75EFDF} = {4ADC03CC-26F7-4D2D-926D-1CE7B8005F43}
		{04E024E5-16D9-402F-9468-83EE15262959} = {31A71A1C-C631-4F15-93A1-5A01629813FF}
	EndGlobalSection
	GlobalSection(ExtensibilityGlobals) = postSolution
		SolutionGuid = {D3738D5B-C8F8-4F27-8CF2-17EFDE57A8BC}
	EndGlobalSection
EndGlobal
