
Microsoft Visual Studio Solution File, Format Version 12.00
# Visual Studio Version 17
VisualStudioVersion = 17.2.32526.322
MinimumVisualStudioVersion = 10.0.40219.1
Project("{2150E333-8FDC-42A3-9474-1A3956D46DE8}") = "Services", "Services", "{18A4E223-9A73-46A9-8EAE-7ADFEF0E44BE}"
EndProject
Project("{2150E333-8FDC-42A3-9474-1A3956D46DE8}") = "Catalog", "Catalog", "{2877F03F-46D7-4314-ADAA-C5805ECA28A8}"
EndProject
Project("{9A19103F-16F7-4668-BE54-9A1E7A4F7556}") = "Catalog.API", "Services\Catalog\Catalog.API\Catalog.API.csproj", "{1AD7EEA7-7B2B-4688-97AE-1F72E5704866}"
EndProject
Project("{E53339B2-1760-4266-BCC7-CA923CBCF16C}") = "docker-compose", "docker-compose.dcproj", "{BC383695-E9CD-4761-8348-08807761ED1C}"
EndProject
Global
	GlobalSection(SolutionConfigurationPlatforms) = preSolution
		Debug|Any CPU = Debug|Any CPU
		Release|Any CPU = Release|Any CPU
	EndGlobalSection
	GlobalSection(ProjectConfigurationPlatforms) = postSolution
		{1AD7EEA7-7B2B-4688-97AE-1F72E5704866}.Debug|Any CPU.ActiveCfg = Debug|Any CPU
		{1AD7EEA7-7B2B-4688-97AE-1F72E5704866}.Debug|Any CPU.Build.0 = Debug|Any CPU
		{1AD7EEA7-7B2B-4688-97AE-1F72E5704866}.Release|Any CPU.ActiveCfg = Release|Any CPU
		{1AD7EEA7-7B2B-4688-97AE-1F72E5704866}.Release|Any CPU.Build.0 = Release|Any CPU
		{BC383695-E9CD-4761-8348-08807761ED1C}.Debug|Any CPU.ActiveCfg = Debug|Any CPU
		{BC383695-E9CD-4761-8348-08807761ED1C}.Debug|Any CPU.Build.0 = Debug|Any CPU
		{BC383695-E9CD-4761-8348-08807761ED1C}.Release|Any CPU.ActiveCfg = Release|Any CPU
		{BC383695-E9CD-4761-8348-08807761ED1C}.Release|Any CPU.Build.0 = Release|Any CPU
	EndGlobalSection
	GlobalSection(SolutionProperties) = preSolution
		HideSolutionNode = FALSE
	EndGlobalSection
	GlobalSection(NestedProjects) = preSolution
		{2877F03F-46D7-4314-ADAA-C5805ECA28A8} = {18A4E223-9A73-46A9-8EAE-7ADFEF0E44BE}
		{1AD7EEA7-7B2B-4688-97AE-1F72E5704866} = {2877F03F-46D7-4314-ADAA-C5805ECA28A8}
	EndGlobalSection
	GlobalSection(ExtensibilityGlobals) = postSolution
		SolutionGuid = {D3738D5B-C8F8-4F27-8CF2-17EFDE57A8BC}
	EndGlobalSection
EndGlobal
